// !$*UTF8*$!
{
	archiveVersion = 1;
	classes = {
	};
	objectVersion = 50;
	objects = {

/* Begin PBXBuildFile section */
		4819BEEC216614D100D438FB /* Menu.swift in Sources */ = {isa = PBXBuildFile; fileRef = 4819BEEB216614D100D438FB /* Menu.swift */; };
		4819BEF021661AA500D438FB /* MenuBuilder.swift in Sources */ = {isa = PBXBuildFile; fileRef = 4819BEEF21661AA400D438FB /* MenuBuilder.swift */; };
		4819BEF221661AAD00D438FB /* MenuAttributes.swift in Sources */ = {isa = PBXBuildFile; fileRef = 4819BEF121661AAD00D438FB /* MenuAttributes.swift */; };
		4819BEF421661F7700D438FB /* UIColor+Hex.swift in Sources */ = {isa = PBXBuildFile; fileRef = 4819BEF321661F7700D438FB /* UIColor+Hex.swift */; };
		4819BEF621662D8700D438FB /* MenuAttributesBuilder.swift in Sources */ = {isa = PBXBuildFile; fileRef = 4819BEF521662D8700D438FB /* MenuAttributesBuilder.swift */; };
		4819BEF921663BCE00D438FB /* ScaleFactor.swift in Sources */ = {isa = PBXBuildFile; fileRef = 4819BEF821663BCE00D438FB /* ScaleFactor.swift */; };
		484507BD216352F500A64D49 /* Colleciton+Safe.swift in Sources */ = {isa = PBXBuildFile; fileRef = 484507BC216352F500A64D49 /* Colleciton+Safe.swift */; };
		484507BF216358D000A64D49 /* MazeDrawer.swift in Sources */ = {isa = PBXBuildFile; fileRef = 484507BE216358D000A64D49 /* MazeDrawer.swift */; };
		484E9DB6215E4A17000D111A /* Actions.sks in Resources */ = {isa = PBXBuildFile; fileRef = 484E9DAE215E4A17000D111A /* Actions.sks */; };
		484E9DB7215E4A17000D111A /* Assets.xcassets in Resources */ = {isa = PBXBuildFile; fileRef = 484E9DAF215E4A17000D111A /* Assets.xcassets */; };
		484E9DB8215E4A17000D111A /* LaunchScreen.storyboard in Resources */ = {isa = PBXBuildFile; fileRef = 484E9DB0215E4A17000D111A /* LaunchScreen.storyboard */; };
		484E9DB9215E4A17000D111A /* Main.storyboard in Resources */ = {isa = PBXBuildFile; fileRef = 484E9DB2215E4A17000D111A /* Main.storyboard */; };
		484E9DBA215E4A17000D111A /* GameScene.sks in Resources */ = {isa = PBXBuildFile; fileRef = 484E9DB4215E4A17000D111A /* GameScene.sks */; };
		484E9DC0215E4D70000D111A /* AppDelegate.swift in Sources */ = {isa = PBXBuildFile; fileRef = 484E9DBD215E4D70000D111A /* AppDelegate.swift */; };
		484E9DC1215E4D70000D111A /* GameScene.swift in Sources */ = {isa = PBXBuildFile; fileRef = 484E9DBE215E4D70000D111A /* GameScene.swift */; };
		484E9DC2215E4D70000D111A /* GameViewController.swift in Sources */ = {isa = PBXBuildFile; fileRef = 484E9DBF215E4D70000D111A /* GameViewController.swift */; };
		484E9DD4215E50FC000D111A /* Field.swift in Sources */ = {isa = PBXBuildFile; fileRef = 484E9DD3215E50FB000D111A /* Field.swift */; };
		484E9DD6215E5101000D111A /* Cell.swift in Sources */ = {isa = PBXBuildFile; fileRef = 484E9DD5215E5101000D111A /* Cell.swift */; };
		484E9DD8215E53B1000D111A /* Wall.swift in Sources */ = {isa = PBXBuildFile; fileRef = 484E9DD7215E53B1000D111A /* Wall.swift */; };
		484E9DDA215E54E9000D111A /* DataStructures.swift in Sources */ = {isa = PBXBuildFile; fileRef = 484E9DD9215E54E9000D111A /* DataStructures.swift */; };
		484E9DDC215E6D2E000D111A /* MazeAlgorithm.swift in Sources */ = {isa = PBXBuildFile; fileRef = 484E9DDB215E6D2E000D111A /* MazeAlgorithm.swift */; };
		484E9DDE215E76C6000D111A /* MazeBuilder.swift in Sources */ = {isa = PBXBuildFile; fileRef = 484E9DDD215E76C6000D111A /* MazeBuilder.swift */; };
		484E9DE0215E76F6000D111A /* MazeGenerator.swift in Sources */ = {isa = PBXBuildFile; fileRef = 484E9DDF215E76F6000D111A /* MazeGenerator.swift */; };
		4859DE9F21638FB000677FD6 /* MazeController.swift in Sources */ = {isa = PBXBuildFile; fileRef = 4859DE9E21638FB000677FD6 /* MazeController.swift */; };
		486D2FAF2164DEBA00433A5B /* Control.swift in Sources */ = {isa = PBXBuildFile; fileRef = 486D2FAE2164DEBA00433A5B /* Control.swift */; };
		486D2FB12164EE5700433A5B /* MazeNode.swift in Sources */ = {isa = PBXBuildFile; fileRef = 486D2FB02164EE5700433A5B /* MazeNode.swift */; };
		486D2FB52165125C00433A5B /* Button.swift in Sources */ = {isa = PBXBuildFile; fileRef = 486D2FB42165125C00433A5B /* Button.swift */; };
/* End PBXBuildFile section */

/* Begin PBXFileReference section */
		4819BEEB216614D100D438FB /* Menu.swift */ = {isa = PBXFileReference; lastKnownFileType = sourcecode.swift; path = Menu.swift; sourceTree = "<group>"; };
		4819BEEF21661AA400D438FB /* MenuBuilder.swift */ = {isa = PBXFileReference; fileEncoding = 4; lastKnownFileType = sourcecode.swift; path = MenuBuilder.swift; sourceTree = "<group>"; };
		4819BEF121661AAD00D438FB /* MenuAttributes.swift */ = {isa = PBXFileReference; lastKnownFileType = sourcecode.swift; path = MenuAttributes.swift; sourceTree = "<group>"; };
		4819BEF321661F7700D438FB /* UIColor+Hex.swift */ = {isa = PBXFileReference; lastKnownFileType = sourcecode.swift; path = "UIColor+Hex.swift"; sourceTree = "<group>"; };
		4819BEF521662D8700D438FB /* MenuAttributesBuilder.swift */ = {isa = PBXFileReference; lastKnownFileType = sourcecode.swift; path = MenuAttributesBuilder.swift; sourceTree = "<group>"; };
		4819BEF821663BCE00D438FB /* ScaleFactor.swift */ = {isa = PBXFileReference; lastKnownFileType = sourcecode.swift; path = ScaleFactor.swift; sourceTree = "<group>"; };
		484507BC216352F500A64D49 /* Colleciton+Safe.swift */ = {isa = PBXFileReference; lastKnownFileType = sourcecode.swift; path = "Colleciton+Safe.swift"; sourceTree = "<group>"; };
		484507BE216358D000A64D49 /* MazeDrawer.swift */ = {isa = PBXFileReference; lastKnownFileType = sourcecode.swift; path = MazeDrawer.swift; sourceTree = "<group>"; };
		484E9D92215E47A0000D111A /* SwiftMaze.app */ = {isa = PBXFileReference; explicitFileType = wrapper.application; includeInIndex = 0; path = SwiftMaze.app; sourceTree = BUILT_PRODUCTS_DIR; };
		484E9DAE215E4A17000D111A /* Actions.sks */ = {isa = PBXFileReference; lastKnownFileType = file.sks; path = Actions.sks; sourceTree = "<group>"; };
		484E9DAF215E4A17000D111A /* Assets.xcassets */ = {isa = PBXFileReference; lastKnownFileType = folder.assetcatalog; path = Assets.xcassets; sourceTree = "<group>"; };
		484E9DB1215E4A17000D111A /* Base */ = {isa = PBXFileReference; lastKnownFileType = file.storyboard; name = Base; path = Base.lproj/LaunchScreen.storyboard; sourceTree = "<group>"; };
		484E9DB3215E4A17000D111A /* Base */ = {isa = PBXFileReference; lastKnownFileType = file.storyboard; name = Base; path = Base.lproj/Main.storyboard; sourceTree = "<group>"; };
		484E9DB4215E4A17000D111A /* GameScene.sks */ = {isa = PBXFileReference; lastKnownFileType = file.sks; path = GameScene.sks; sourceTree = "<group>"; };
		484E9DB5215E4A17000D111A /* Info.plist */ = {isa = PBXFileReference; fileEncoding = 4; lastKnownFileType = text.plist.xml; path = Info.plist; sourceTree = "<group>"; };
		484E9DBD215E4D70000D111A /* AppDelegate.swift */ = {isa = PBXFileReference; fileEncoding = 4; lastKnownFileType = sourcecode.swift; path = AppDelegate.swift; sourceTree = "<group>"; };
		484E9DBE215E4D70000D111A /* GameScene.swift */ = {isa = PBXFileReference; fileEncoding = 4; lastKnownFileType = sourcecode.swift; path = GameScene.swift; sourceTree = "<group>"; };
		484E9DBF215E4D70000D111A /* GameViewController.swift */ = {isa = PBXFileReference; fileEncoding = 4; lastKnownFileType = sourcecode.swift; path = GameViewController.swift; sourceTree = "<group>"; };
		484E9DD3215E50FB000D111A /* Field.swift */ = {isa = PBXFileReference; lastKnownFileType = sourcecode.swift; path = Field.swift; sourceTree = "<group>"; };
		484E9DD5215E5101000D111A /* Cell.swift */ = {isa = PBXFileReference; lastKnownFileType = sourcecode.swift; path = Cell.swift; sourceTree = "<group>"; };
		484E9DD7215E53B1000D111A /* Wall.swift */ = {isa = PBXFileReference; lastKnownFileType = sourcecode.swift; path = Wall.swift; sourceTree = "<group>"; };
		484E9DD9215E54E9000D111A /* DataStructures.swift */ = {isa = PBXFileReference; lastKnownFileType = sourcecode.swift; path = DataStructures.swift; sourceTree = "<group>"; };
		484E9DDB215E6D2E000D111A /* MazeAlgorithm.swift */ = {isa = PBXFileReference; lastKnownFileType = sourcecode.swift; path = MazeAlgorithm.swift; sourceTree = "<group>"; };
		484E9DDD215E76C6000D111A /* MazeBuilder.swift */ = {isa = PBXFileReference; lastKnownFileType = sourcecode.swift; path = MazeBuilder.swift; sourceTree = "<group>"; };
		484E9DDF215E76F6000D111A /* MazeGenerator.swift */ = {isa = PBXFileReference; lastKnownFileType = sourcecode.swift; path = MazeGenerator.swift; sourceTree = "<group>"; };
		4859DE9E21638FB000677FD6 /* MazeController.swift */ = {isa = PBXFileReference; lastKnownFileType = sourcecode.swift; path = MazeController.swift; sourceTree = "<group>"; };
		486D2FAE2164DEBA00433A5B /* Control.swift */ = {isa = PBXFileReference; lastKnownFileType = sourcecode.swift; path = Control.swift; sourceTree = "<group>"; };
		486D2FB02164EE5700433A5B /* MazeNode.swift */ = {isa = PBXFileReference; lastKnownFileType = sourcecode.swift; path = MazeNode.swift; sourceTree = "<group>"; };
		486D2FB42165125C00433A5B /* Button.swift */ = {isa = PBXFileReference; lastKnownFileType = sourcecode.swift; path = Button.swift; sourceTree = "<group>"; };
/* End PBXFileReference section */

/* Begin PBXFrameworksBuildPhase section */
		484E9D8F215E47A0000D111A /* Frameworks */ = {
			isa = PBXFrameworksBuildPhase;
			buildActionMask = 2147483647;
			files = (
			);
			runOnlyForDeploymentPostprocessing = 0;
		};
/* End PBXFrameworksBuildPhase section */

/* Begin PBXGroup section */
		4819BEED21661A8A00D438FB /* Builder */ = {
			isa = PBXGroup;
			children = (
				4819BEEF21661AA400D438FB /* MenuBuilder.swift */,
				4819BEEE21661A8A00D438FB /* Attributes */,
			);
			path = Builder;
			sourceTree = "<group>";
		};
		4819BEEE21661A8A00D438FB /* Attributes */ = {
			isa = PBXGroup;
			children = (
				4819BEF121661AAD00D438FB /* MenuAttributes.swift */,
				4819BEF521662D8700D438FB /* MenuAttributesBuilder.swift */,
			);
			path = Attributes;
			sourceTree = "<group>";
		};
		4819BEF721663BC700D438FB /* Common */ = {
			isa = PBXGroup;
			children = (
				4819BEF821663BCE00D438FB /* ScaleFactor.swift */,
			);
			path = Common;
			sourceTree = "<group>";
		};
		484507BB216352E800A64D49 /* Extensions */ = {
			isa = PBXGroup;
			children = (
				484507BC216352F500A64D49 /* Colleciton+Safe.swift */,
				4819BEF321661F7700D438FB /* UIColor+Hex.swift */,
			);
			path = Extensions;
			sourceTree = "<group>";
		};
		484E9D89215E47A0000D111A = {
			isa = PBXGroup;
			children = (
				484E9D94215E47A0000D111A /* SwiftMaze */,
				484E9D93215E47A0000D111A /* Products */,
			);
			sourceTree = "<group>";
		};
		484E9D93215E47A0000D111A /* Products */ = {
			isa = PBXGroup;
			children = (
				484E9D92215E47A0000D111A /* SwiftMaze.app */,
			);
			name = Products;
			sourceTree = "<group>";
		};
		484E9D94215E47A0000D111A /* SwiftMaze */ = {
			isa = PBXGroup;
			children = (
				484E9DBC215E4D70000D111A /* Application */,
				486D2FAD2164DDBC00433A5B /* Menu */,
				484E9DC3215E5002000D111A /* Maze */,
				4859DE992163812400677FD6 /* Controls */,
				4819BEF721663BC700D438FB /* Common */,
				484507BB216352E800A64D49 /* Extensions */,
				484E9DAD215E4A17000D111A /* Resources */,
			);
			path = SwiftMaze;
			sourceTree = "<group>";
		};
		484E9DAD215E4A17000D111A /* Resources */ = {
			isa = PBXGroup;
			children = (
				484E9DAE215E4A17000D111A /* Actions.sks */,
				484E9DAF215E4A17000D111A /* Assets.xcassets */,
				484E9DB0215E4A17000D111A /* LaunchScreen.storyboard */,
				484E9DB2215E4A17000D111A /* Main.storyboard */,
				484E9DB4215E4A17000D111A /* GameScene.sks */,
				484E9DB5215E4A17000D111A /* Info.plist */,
			);
			path = Resources;
			sourceTree = "<group>";
		};
		484E9DBC215E4D70000D111A /* Application */ = {
			isa = PBXGroup;
			children = (
				484E9DBD215E4D70000D111A /* AppDelegate.swift */,
				484E9DBE215E4D70000D111A /* GameScene.swift */,
				484E9DBF215E4D70000D111A /* GameViewController.swift */,
			);
			path = Application;
			sourceTree = "<group>";
		};
		484E9DC3215E5002000D111A /* Maze */ = {
			isa = PBXGroup;
			children = (
				484E9DC4215E5002000D111A /* Builder */,
				484E9DC7215E5002000D111A /* DataStructure */,
				484E9DC8215E5002000D111A /* Drawer */,
				4859DE9D21638F9E00677FD6 /* Controller */,
			);
			path = Maze;
			sourceTree = "<group>";
		};
		484E9DC4215E5002000D111A /* Builder */ = {
			isa = PBXGroup;
			children = (
				484E9DDD215E76C6000D111A /* MazeBuilder.swift */,
				484E9DC5215E5002000D111A /* Algorithm */,
				484E9DC6215E5002000D111A /* Generator */,
			);
			path = Builder;
			sourceTree = "<group>";
		};
		484E9DC5215E5002000D111A /* Algorithm */ = {
			isa = PBXGroup;
			children = (
				484E9DDB215E6D2E000D111A /* MazeAlgorithm.swift */,
			);
			path = Algorithm;
			sourceTree = "<group>";
		};
		484E9DC6215E5002000D111A /* Generator */ = {
			isa = PBXGroup;
			children = (
				484E9DDF215E76F6000D111A /* MazeGenerator.swift */,
			);
			path = Generator;
			sourceTree = "<group>";
		};
		484E9DC7215E5002000D111A /* DataStructure */ = {
			isa = PBXGroup;
			children = (
				484E9DD7215E53B1000D111A /* Wall.swift */,
				484E9DD5215E5101000D111A /* Cell.swift */,
				484E9DD3215E50FB000D111A /* Field.swift */,
				484E9DD9215E54E9000D111A /* DataStructures.swift */,
			);
			path = DataStructure;
			sourceTree = "<group>";
		};
		484E9DC8215E5002000D111A /* Drawer */ = {
			isa = PBXGroup;
			children = (
				484507BE216358D000A64D49 /* MazeDrawer.swift */,
			);
			path = Drawer;
			sourceTree = "<group>";
		};
		4859DE992163812400677FD6 /* Controls */ = {
			isa = PBXGroup;
			children = (
				486D2FAE2164DEBA00433A5B /* Control.swift */,
				486D2FB42165125C00433A5B /* Button.swift */,
				486D2FB02164EE5700433A5B /* MazeNode.swift */,
			);
			path = Controls;
			sourceTree = "<group>";
		};
		4859DE9D21638F9E00677FD6 /* Controller */ = {
			isa = PBXGroup;
			children = (
				4859DE9E21638FB000677FD6 /* MazeController.swift */,
			);
			path = Controller;
			sourceTree = "<group>";
		};
		486D2FAD2164DDBC00433A5B /* Menu */ = {
			isa = PBXGroup;
			children = (
				4819BEEB216614D100D438FB /* Menu.swift */,
				4819BEED21661A8A00D438FB /* Builder */,
			);
			path = Menu;
			sourceTree = "<group>";
		};
/* End PBXGroup section */

/* Begin PBXNativeTarget section */
		484E9D91215E47A0000D111A /* SwiftMaze */ = {
			isa = PBXNativeTarget;
			buildConfigurationList = 484E9DAA215E47A2000D111A /* Build configuration list for PBXNativeTarget "SwiftMaze" */;
			buildPhases = (
				484E9D8E215E47A0000D111A /* Sources */,
				484E9D8F215E47A0000D111A /* Frameworks */,
				484E9D90215E47A0000D111A /* Resources */,
			);
			buildRules = (
			);
			dependencies = (
			);
			name = SwiftMaze;
			productName = SwiftMaze;
			productReference = 484E9D92215E47A0000D111A /* SwiftMaze.app */;
			productType = "com.apple.product-type.application";
		};
/* End PBXNativeTarget section */

/* Begin PBXProject section */
		484E9D8A215E47A0000D111A /* Project object */ = {
			isa = PBXProject;
			attributes = {
				LastSwiftUpdateCheck = 1000;
				LastUpgradeCheck = 1000;
				ORGANIZATIONNAME = "Pavlo Deynega";
				TargetAttributes = {
					484E9D91215E47A0000D111A = {
						CreatedOnToolsVersion = 10.0;
					};
				};
			};
			buildConfigurationList = 484E9D8D215E47A0000D111A /* Build configuration list for PBXProject "SwiftMaze" */;
			compatibilityVersion = "Xcode 9.3";
			developmentRegion = en;
			hasScannedForEncodings = 0;
			knownRegions = (
				en,
				Base,
			);
			mainGroup = 484E9D89215E47A0000D111A;
			productRefGroup = 484E9D93215E47A0000D111A /* Products */;
			projectDirPath = "";
			projectRoot = "";
			targets = (
				484E9D91215E47A0000D111A /* SwiftMaze */,
			);
		};
/* End PBXProject section */

/* Begin PBXResourcesBuildPhase section */
		484E9D90215E47A0000D111A /* Resources */ = {
			isa = PBXResourcesBuildPhase;
			buildActionMask = 2147483647;
			files = (
				484E9DB8215E4A17000D111A /* LaunchScreen.storyboard in Resources */,
				484E9DBA215E4A17000D111A /* GameScene.sks in Resources */,
				484E9DB7215E4A17000D111A /* Assets.xcassets in Resources */,
				484E9DB6215E4A17000D111A /* Actions.sks in Resources */,
				484E9DB9215E4A17000D111A /* Main.storyboard in Resources */,
			);
			runOnlyForDeploymentPostprocessing = 0;
		};
/* End PBXResourcesBuildPhase section */

/* Begin PBXSourcesBuildPhase section */
		484E9D8E215E47A0000D111A /* Sources */ = {
			isa = PBXSourcesBuildPhase;
			buildActionMask = 2147483647;
			files = (
				4819BEF421661F7700D438FB /* UIColor+Hex.swift in Sources */,
				484E9DC1215E4D70000D111A /* GameScene.swift in Sources */,
				484E9DDC215E6D2E000D111A /* MazeAlgorithm.swift in Sources */,
				486D2FAF2164DEBA00433A5B /* Control.swift in Sources */,
				484E9DDA215E54E9000D111A /* DataStructures.swift in Sources */,
				484E9DD8215E53B1000D111A /* Wall.swift in Sources */,
				4859DE9F21638FB000677FD6 /* MazeController.swift in Sources */,
				484507BF216358D000A64D49 /* MazeDrawer.swift in Sources */,
				486D2FB52165125C00433A5B /* Button.swift in Sources */,
				4819BEF621662D8700D438FB /* MenuAttributesBuilder.swift in Sources */,
				484507BD216352F500A64D49 /* Colleciton+Safe.swift in Sources */,
				484E9DC0215E4D70000D111A /* AppDelegate.swift in Sources */,
				4819BEEC216614D100D438FB /* Menu.swift in Sources */,
				4819BEF221661AAD00D438FB /* MenuAttributes.swift in Sources */,
				484E9DDE215E76C6000D111A /* MazeBuilder.swift in Sources */,
				484E9DD6215E5101000D111A /* Cell.swift in Sources */,
				484E9DD4215E50FC000D111A /* Field.swift in Sources */,
				4819BEF021661AA500D438FB /* MenuBuilder.swift in Sources */,
				486D2FB12164EE5700433A5B /* MazeNode.swift in Sources */,
				4819BEF921663BCE00D438FB /* ScaleFactor.swift in Sources */,
				484E9DC2215E4D70000D111A /* GameViewController.swift in Sources */,
				484E9DE0215E76F6000D111A /* MazeGenerator.swift in Sources */,
			);
			runOnlyForDeploymentPostprocessing = 0;
		};
/* End PBXSourcesBuildPhase section */

/* Begin PBXVariantGroup section */
		484E9DB0215E4A17000D111A /* LaunchScreen.storyboard */ = {
			isa = PBXVariantGroup;
			children = (
				484E9DB1215E4A17000D111A /* Base */,
			);
			name = LaunchScreen.storyboard;
			sourceTree = "<group>";
		};
		484E9DB2215E4A17000D111A /* Main.storyboard */ = {
			isa = PBXVariantGroup;
			children = (
				484E9DB3215E4A17000D111A /* Base */,
			);
			name = Main.storyboard;
			sourceTree = "<group>";
		};
/* End PBXVariantGroup section */

/* Begin XCBuildConfiguration section */
		484E9DA8215E47A2000D111A /* Debug */ = {
			isa = XCBuildConfiguration;
			buildSettings = {
				ALWAYS_SEARCH_USER_PATHS = NO;
				CLANG_ANALYZER_NONNULL = YES;
				CLANG_ANALYZER_NUMBER_OBJECT_CONVERSION = YES_AGGRESSIVE;
				CLANG_CXX_LANGUAGE_STANDARD = "gnu++14";
				CLANG_CXX_LIBRARY = "libc++";
				CLANG_ENABLE_MODULES = YES;
				CLANG_ENABLE_OBJC_ARC = YES;
				CLANG_ENABLE_OBJC_WEAK = YES;
				CLANG_WARN_BLOCK_CAPTURE_AUTORELEASING = YES;
				CLANG_WARN_BOOL_CONVERSION = YES;
				CLANG_WARN_COMMA = YES;
				CLANG_WARN_CONSTANT_CONVERSION = YES;
				CLANG_WARN_DEPRECATED_OBJC_IMPLEMENTATIONS = YES;
				CLANG_WARN_DIRECT_OBJC_ISA_USAGE = YES_ERROR;
				CLANG_WARN_DOCUMENTATION_COMMENTS = YES;
				CLANG_WARN_EMPTY_BODY = YES;
				CLANG_WARN_ENUM_CONVERSION = YES;
				CLANG_WARN_INFINITE_RECURSION = YES;
				CLANG_WARN_INT_CONVERSION = YES;
				CLANG_WARN_NON_LITERAL_NULL_CONVERSION = YES;
				CLANG_WARN_OBJC_IMPLICIT_RETAIN_SELF = YES;
				CLANG_WARN_OBJC_LITERAL_CONVERSION = YES;
				CLANG_WARN_OBJC_ROOT_CLASS = YES_ERROR;
				CLANG_WARN_RANGE_LOOP_ANALYSIS = YES;
				CLANG_WARN_STRICT_PROTOTYPES = YES;
				CLANG_WARN_SUSPICIOUS_MOVE = YES;
				CLANG_WARN_UNGUARDED_AVAILABILITY = YES_AGGRESSIVE;
				CLANG_WARN_UNREACHABLE_CODE = YES;
				CLANG_WARN__DUPLICATE_METHOD_MATCH = YES;
				CODE_SIGN_IDENTITY = "iPhone Developer";
				COPY_PHASE_STRIP = NO;
				DEBUG_INFORMATION_FORMAT = dwarf;
				ENABLE_STRICT_OBJC_MSGSEND = YES;
				ENABLE_TESTABILITY = YES;
				GCC_C_LANGUAGE_STANDARD = gnu11;
				GCC_DYNAMIC_NO_PIC = NO;
				GCC_NO_COMMON_BLOCKS = YES;
				GCC_OPTIMIZATION_LEVEL = 0;
				GCC_PREPROCESSOR_DEFINITIONS = (
					"DEBUG=1",
					"$(inherited)",
				);
				GCC_WARN_64_TO_32_BIT_CONVERSION = YES;
				GCC_WARN_ABOUT_RETURN_TYPE = YES_ERROR;
				GCC_WARN_UNDECLARED_SELECTOR = YES;
				GCC_WARN_UNINITIALIZED_AUTOS = YES_AGGRESSIVE;
				GCC_WARN_UNUSED_FUNCTION = YES;
				GCC_WARN_UNUSED_VARIABLE = YES;
				IPHONEOS_DEPLOYMENT_TARGET = 12.0;
				MTL_ENABLE_DEBUG_INFO = INCLUDE_SOURCE;
				MTL_FAST_MATH = YES;
				ONLY_ACTIVE_ARCH = YES;
				SDKROOT = iphoneos;
				SWIFT_ACTIVE_COMPILATION_CONDITIONS = DEBUG;
				SWIFT_OPTIMIZATION_LEVEL = "-Onone";
			};
			name = Debug;
		};
		484E9DA9215E47A2000D111A /* Release */ = {
			isa = XCBuildConfiguration;
			buildSettings = {
				ALWAYS_SEARCH_USER_PATHS = NO;
				CLANG_ANALYZER_NONNULL = YES;
				CLANG_ANALYZER_NUMBER_OBJECT_CONVERSION = YES_AGGRESSIVE;
				CLANG_CXX_LANGUAGE_STANDARD = "gnu++14";
				CLANG_CXX_LIBRARY = "libc++";
				CLANG_ENABLE_MODULES = YES;
				CLANG_ENABLE_OBJC_ARC = YES;
				CLANG_ENABLE_OBJC_WEAK = YES;
				CLANG_WARN_BLOCK_CAPTURE_AUTORELEASING = YES;
				CLANG_WARN_BOOL_CONVERSION = YES;
				CLANG_WARN_COMMA = YES;
				CLANG_WARN_CONSTANT_CONVERSION = YES;
				CLANG_WARN_DEPRECATED_OBJC_IMPLEMENTATIONS = YES;
				CLANG_WARN_DIRECT_OBJC_ISA_USAGE = YES_ERROR;
				CLANG_WARN_DOCUMENTATION_COMMENTS = YES;
				CLANG_WARN_EMPTY_BODY = YES;
				CLANG_WARN_ENUM_CONVERSION = YES;
				CLANG_WARN_INFINITE_RECURSION = YES;
				CLANG_WARN_INT_CONVERSION = YES;
				CLANG_WARN_NON_LITERAL_NULL_CONVERSION = YES;
				CLANG_WARN_OBJC_IMPLICIT_RETAIN_SELF = YES;
				CLANG_WARN_OBJC_LITERAL_CONVERSION = YES;
				CLANG_WARN_OBJC_ROOT_CLASS = YES_ERROR;
				CLANG_WARN_RANGE_LOOP_ANALYSIS = YES;
				CLANG_WARN_STRICT_PROTOTYPES = YES;
				CLANG_WARN_SUSPICIOUS_MOVE = YES;
				CLANG_WARN_UNGUARDED_AVAILABILITY = YES_AGGRESSIVE;
				CLANG_WARN_UNREACHABLE_CODE = YES;
				CLANG_WARN__DUPLICATE_METHOD_MATCH = YES;
				CODE_SIGN_IDENTITY = "iPhone Developer";
				COPY_PHASE_STRIP = NO;
				DEBUG_INFORMATION_FORMAT = "dwarf-with-dsym";
				ENABLE_NS_ASSERTIONS = NO;
				ENABLE_STRICT_OBJC_MSGSEND = YES;
				GCC_C_LANGUAGE_STANDARD = gnu11;
				GCC_NO_COMMON_BLOCKS = YES;
				GCC_WARN_64_TO_32_BIT_CONVERSION = YES;
				GCC_WARN_ABOUT_RETURN_TYPE = YES_ERROR;
				GCC_WARN_UNDECLARED_SELECTOR = YES;
				GCC_WARN_UNINITIALIZED_AUTOS = YES_AGGRESSIVE;
				GCC_WARN_UNUSED_FUNCTION = YES;
				GCC_WARN_UNUSED_VARIABLE = YES;
				IPHONEOS_DEPLOYMENT_TARGET = 12.0;
				MTL_ENABLE_DEBUG_INFO = NO;
				MTL_FAST_MATH = YES;
				SDKROOT = iphoneos;
				SWIFT_COMPILATION_MODE = wholemodule;
				SWIFT_OPTIMIZATION_LEVEL = "-O";
				VALIDATE_PRODUCT = YES;
			};
			name = Release;
		};
		484E9DAB215E47A2000D111A /* Debug */ = {
			isa = XCBuildConfiguration;
			buildSettings = {
				ASSETCATALOG_COMPILER_APPICON_NAME = AppIcon;
				CODE_SIGN_IDENTITY = "iPhone Developer";
				CODE_SIGN_STYLE = Automatic;
				DEVELOPMENT_TEAM = G8XQL5X2GB;
				INFOPLIST_FILE = SwiftMaze/Resources/Info.plist;
				LD_RUNPATH_SEARCH_PATHS = (
					"$(inherited)",
					"@executable_path/Frameworks",
				);
				PRODUCT_BUNDLE_IDENTIFIER = com.example.SwiftMaze;
				PRODUCT_NAME = "$(TARGET_NAME)";
				PROVISIONING_PROFILE_SPECIFIER = "";
				SWIFT_VERSION = 4.2;
				TARGETED_DEVICE_FAMILY = "1,2";
			};
			name = Debug;
		};
		484E9DAC215E47A2000D111A /* Release */ = {
			isa = XCBuildConfiguration;
			buildSettings = {
				ASSETCATALOG_COMPILER_APPICON_NAME = AppIcon;
				CODE_SIGN_IDENTITY = "iPhone Developer";
				CODE_SIGN_STYLE = Automatic;
				DEVELOPMENT_TEAM = G8XQL5X2GB;
				INFOPLIST_FILE = SwiftMaze/Resources/Info.plist;
				LD_RUNPATH_SEARCH_PATHS = (
					"$(inherited)",
					"@executable_path/Frameworks",
				);
				PRODUCT_BUNDLE_IDENTIFIER = com.example.SwiftMaze;
				PRODUCT_NAME = "$(TARGET_NAME)";
				PROVISIONING_PROFILE_SPECIFIER = "";
				SWIFT_VERSION = 4.2;
				TARGETED_DEVICE_FAMILY = "1,2";
			};
			name = Release;
		};
/* End XCBuildConfiguration section */

/* Begin XCConfigurationList section */
		484E9D8D215E47A0000D111A /* Build configuration list for PBXProject "SwiftMaze" */ = {
			isa = XCConfigurationList;
			buildConfigurations = (
				484E9DA8215E47A2000D111A /* Debug */,
				484E9DA9215E47A2000D111A /* Release */,
			);
			defaultConfigurationIsVisible = 0;
			defaultConfigurationName = Release;
		};
		484E9DAA215E47A2000D111A /* Build configuration list for PBXNativeTarget "SwiftMaze" */ = {
			isa = XCConfigurationList;
			buildConfigurations = (
				484E9DAB215E47A2000D111A /* Debug */,
				484E9DAC215E47A2000D111A /* Release */,
			);
			defaultConfigurationIsVisible = 0;
			defaultConfigurationName = Release;
		};
/* End XCConfigurationList section */
	};
	rootObject = 484E9D8A215E47A0000D111A /* Project object */;
}
